
Microsoft Visual Studio Solution File, Format Version 12.00
# Visual Studio 2013
VisualStudioVersion = 12.0.31101.0
MinimumVisualStudioVersion = 10.0.40219.1
Project("{FAE04EC0-301F-11D3-BF4B-00C04F79EFBC}") = "Wii2Scratch.ScratchHelper", "Wii2Scratch.ScratchHelper\Wii2Scratch.ScratchHelper.csproj", "{DCC354CC-2088-4929-B2BD-8A418B974BE1}"
EndProject
Project("{2150E333-8FDC-42A3-9474-1A3956D46DE8}") = "Root", "Root", "{D31039EF-765F-4039-BFFE-8D69EEA8A797}"
	ProjectSection(SolutionItems) = preProject
		Wii2Scratch.s2e = Wii2Scratch.s2e
	EndProjectSection
EndProject
Global
	GlobalSection(SolutionConfigurationPlatforms) = preSolution
		Debug|Any CPU = Debug|Any CPU
		Release|Any CPU = Release|Any CPU
	EndGlobalSection
	GlobalSection(ProjectConfigurationPlatforms) = postSolution
		{DCC354CC-2088-4929-B2BD-8A418B974BE1}.Debug|Any CPU.ActiveCfg = Debug|Any CPU
		{DCC354CC-2088-4929-B2BD-8A418B974BE1}.Debug|Any CPU.Build.0 = Debug|Any CPU
		{DCC354CC-2088-4929-B2BD-8A418B974BE1}.Release|Any CPU.ActiveCfg = Release|Any CPU
		{DCC354CC-2088-4929-B2BD-8A418B974BE1}.Release|Any CPU.Build.0 = Release|Any CPU
	EndGlobalSection
	GlobalSection(SolutionProperties) = preSolution
		HideSolutionNode = FALSE
	EndGlobalSection
EndGlobal
